
Microsoft Visual Studio Solution File, Format Version 12.00
# Visual Studio 15
VisualStudioVersion = 15.0.28307.1259
MinimumVisualStudioVersion = 10.0.40219.1
Project("{8BC9CEB8-8B4A-11D0-8D11-00A0C91BC942}") = "Hw", "Hw\Hw.vcxproj", "{A7541598-DB0C-4204-A3CC-94C0DA1717DB}"
EndProject
Global
	GlobalSection(SolutionConfigurationPlatforms) = preSolution
		Debug|x64 = Debug|x64
		Debug|x86 = Debug|x86
		Release|x64 = Release|x64
		Release|x86 = Release|x86
	EndGlobalSection
	GlobalSection(ProjectConfigurationPlatforms) = postSolution
		{A7541598-DB0C-4204-A3CC-94C0DA1717DB}.Debug|x64.ActiveCfg = Debug|x64
		{A7541598-DB0C-4204-A3CC-94C0DA1717DB}.Debug|x64.Build.0 = Debug|x64
		{A7541598-DB0C-4204-A3CC-94C0DA1717DB}.Debug|x86.ActiveCfg = Debug|Win32
		{A7541598-DB0C-4204-A3CC-94C0DA1717DB}.Debug|x86.Build.0 = Debug|Win32
		{A7541598-DB0C-4204-A3CC-94C0DA1717DB}.Release|x64.ActiveCfg = Release|x64
		{A7541598-DB0C-4204-A3CC-94C0DA1717DB}.Release|x64.Build.0 = Release|x64
		{A7541598-DB0C-4204-A3CC-94C0DA1717DB}.Release|x86.ActiveCfg = Release|Win32
		{A7541598-DB0C-4204-A3CC-94C0DA1717DB}.Release|x86.Build.0 = Release|Win32
	EndGlobalSection
	GlobalSection(SolutionProperties) = preSolution
		HideSolutionNode = FALSE
	EndGlobalSection
	GlobalSection(ExtensibilityGlobals) = postSolution
		SolutionGuid = {86200C76-1B74-409F-9D9C-AAB9231C2E13}
	EndGlobalSection
EndGlobal
